
Microsoft Visual Studio Solution File, Format Version 12.00
# Visual Studio Version 16
VisualStudioVersion = 16.0.30503.244
MinimumVisualStudioVersion = 10.0.40219.1
Project("{8BC9CEB8-8B4A-11D0-8D11-00A0C91BC942}") = "TP5", "TP5\TP5.vcxproj", "{75D50BD5-46FC-454B-916A-04D2E21166CB}"
EndProject
Global
	GlobalSection(SolutionConfigurationPlatforms) = preSolution
		Debug|x64 = Debug|x64
		Debug|x86 = Debug|x86
		Release|x64 = Release|x64
		Release|x86 = Release|x86
	EndGlobalSection
	GlobalSection(ProjectConfigurationPlatforms) = postSolution
		{75D50BD5-46FC-454B-916A-04D2E21166CB}.Debug|x64.ActiveCfg = Debug|x64
		{75D50BD5-46FC-454B-916A-04D2E21166CB}.Debug|x64.Build.0 = Debug|x64
		{75D50BD5-46FC-454B-916A-04D2E21166CB}.Debug|x86.ActiveCfg = Debug|Win32
		{75D50BD5-46FC-454B-916A-04D2E21166CB}.Debug|x86.Build.0 = Debug|Win32
		{75D50BD5-46FC-454B-916A-04D2E21166CB}.Release|x64.ActiveCfg = Release|x64
		{75D50BD5-46FC-454B-916A-04D2E21166CB}.Release|x64.Build.0 = Release|x64
		{75D50BD5-46FC-454B-916A-04D2E21166CB}.Release|x86.ActiveCfg = Release|Win32
		{75D50BD5-46FC-454B-916A-04D2E21166CB}.Release|x86.Build.0 = Release|Win32
	EndGlobalSection
	GlobalSection(SolutionProperties) = preSolution
		HideSolutionNode = FALSE
	EndGlobalSection
	GlobalSection(ExtensibilityGlobals) = postSolution
		SolutionGuid = {77D7FD63-4AB6-45A1-AC7F-A8335614B45E}
	EndGlobalSection
EndGlobal
